<Solution>
  <Project Path="CSharpBasics/Day-1/Day-1.csproj" />
  <Project Path="CSharpBasics/Day-2/Day-2.csproj" />
  <Project Path="CSharpBasics/Day-3/Day-3.csproj" />
  <Project Path="CSharpBasics/Day-4/Day-4.csproj" />
  <Project Path="CSharpBasics/Day-5/Day-5.csproj" />
  <Project Path="CSharpBasics/Day-6/Day-6.csproj" />
  <Project Path="LINQ/LINQ-Day-1/LINQ-Day-1.csproj" />
  <Project Path="LINQ/LINQ-Day-2/LINQ-Day-2.csproj" Id="6a696cb8-63c0-48de-8fec-bed63f9f56d5" />
</Solution>
